
Microsoft Visual Studio Solution File, Format Version 12.00
# Visual Studio Version 17
VisualStudioVersion = 17.13.35919.96 d17.13
MinimumVisualStudioVersion = 10.0.40219.1
Project("{FAE04EC0-301F-11D3-BF4B-00C04F79EFBC}") = "pruebaConsultaDatos", "pruebaConsultaDatos\pruebaConsultaDatos.csproj", "{023BC50C-DA4E-4FD4-9D95-88AA57A7C3F3}"
EndProject
Global
	GlobalSection(SolutionConfigurationPlatforms) = preSolution
		Debug|Any CPU = Debug|Any CPU
		Release|Any CPU = Release|Any CPU
	EndGlobalSection
	GlobalSection(ProjectConfigurationPlatforms) = postSolution
		{023BC50C-DA4E-4FD4-9D95-88AA57A7C3F3}.Debug|Any CPU.ActiveCfg = Debug|Any CPU
		{023BC50C-DA4E-4FD4-9D95-88AA57A7C3F3}.Debug|Any CPU.Build.0 = Debug|Any CPU
		{023BC50C-DA4E-4FD4-9D95-88AA57A7C3F3}.Release|Any CPU.ActiveCfg = Release|Any CPU
		{023BC50C-DA4E-4FD4-9D95-88AA57A7C3F3}.Release|Any CPU.Build.0 = Release|Any CPU
	EndGlobalSection
	GlobalSection(SolutionProperties) = preSolution
		HideSolutionNode = FALSE
	EndGlobalSection
	GlobalSection(ExtensibilityGlobals) = postSolution
		SolutionGuid = {2C15CED9-238A-4C7F-A713-95863A6EA82F}
	EndGlobalSection
EndGlobal
